// !$*UTF8*$!
{
	archiveVersion = 1;
	classes = {
	};
	objectVersion = 50;
	objects = {

/* Begin PBXBuildFile section */
		4C21AC2C257ABA8A0023284C /* GuestPointer.swift in Sources */ = {isa = PBXBuildFile; fileRef = 4C21AC2B257ABA8A0023284C /* GuestPointer.swift */; };
		4C21AC33257BEB040023284C /* Emulator.swift in Sources */ = {isa = PBXBuildFile; fileRef = 4C21AC32257BEB040023284C /* Emulator.swift */; };
		4C21AC36257C4FD80023284C /* TaskManager.swift in Sources */ = {isa = PBXBuildFile; fileRef = 4C21AC35257C4FD80023284C /* TaskManager.swift */; };
		4C21AC39257C9A0B0023284C /* PfsReader.swift in Sources */ = {isa = PBXBuildFile; fileRef = 4C21AC38257C9A0B0023284C /* PfsReader.swift */; };
		4C21AC3C257F35230023284C /* Utilities.swift in Sources */ = {isa = PBXBuildFile; fileRef = 4C21AC3B257F35230023284C /* Utilities.swift */; };
		4C21AC3F257F4E250023284C /* NxoReader.swift in Sources */ = {isa = PBXBuildFile; fileRef = 4C21AC3E257F4E250023284C /* NxoReader.swift */; };
		4C21AC42257F4EEC0023284C /* BinaryReader.swift in Sources */ = {isa = PBXBuildFile; fileRef = 4C21AC41257F4EEC0023284C /* BinaryReader.swift */; };
		4C21AC45258070290023284C /* Kernel.swift in Sources */ = {isa = PBXBuildFile; fileRef = 4C21AC44258070290023284C /* Kernel.swift */; };
		4C21AC4A2580991C0023284C /* nn.sm.detail.swift in Sources */ = {isa = PBXBuildFile; fileRef = 4C21AC492580991C0023284C /* nn.sm.detail.swift */; };
		4C21AC4E25809DBA0023284C /* IpcManager.swift in Sources */ = {isa = PBXBuildFile; fileRef = 4C21AC4D25809DBA0023284C /* IpcManager.swift */; };
		4C21AC512580A4070023284C /* ServiceMappings.swift in Sources */ = {isa = PBXBuildFile; fileRef = 4C21AC502580A4070023284C /* ServiceMappings.swift */; };
		4C21AC542580A7BF0023284C /* KObject.swift in Sources */ = {isa = PBXBuildFile; fileRef = 4C21AC532580A7BF0023284C /* KObject.swift */; };
		4C8379922579AA64006FF416 /* PsychopompNXApp.swift in Sources */ = {isa = PBXBuildFile; fileRef = 4C8379912579AA64006FF416 /* PsychopompNXApp.swift */; };
		4C8379942579AA64006FF416 /* ContentView.swift in Sources */ = {isa = PBXBuildFile; fileRef = 4C8379932579AA64006FF416 /* ContentView.swift */; };
		4C8379962579AA66006FF416 /* Assets.xcassets in Resources */ = {isa = PBXBuildFile; fileRef = 4C8379952579AA66006FF416 /* Assets.xcassets */; };
		4C8379992579AA66006FF416 /* Preview Assets.xcassets in Resources */ = {isa = PBXBuildFile; fileRef = 4C8379982579AA66006FF416 /* Preview Assets.xcassets */; };
		4C8379B92579E9DA006FF416 /* Vmm.swift in Sources */ = {isa = PBXBuildFile; fileRef = 4C8379B82579E9DA006FF416 /* Vmm.swift */; };
		4C8379BC2579EC8D006FF416 /* Cpu.swift in Sources */ = {isa = PBXBuildFile; fileRef = 4C8379BB2579EC8D006FF416 /* Cpu.swift */; };
/* End PBXBuildFile section */

/* Begin PBXFileReference section */
		4C21AC2B257ABA8A0023284C /* GuestPointer.swift */ = {isa = PBXFileReference; lastKnownFileType = sourcecode.swift; path = GuestPointer.swift; sourceTree = "<group>"; };
		4C21AC32257BEB040023284C /* Emulator.swift */ = {isa = PBXFileReference; lastKnownFileType = sourcecode.swift; path = Emulator.swift; sourceTree = "<group>"; };
		4C21AC35257C4FD80023284C /* TaskManager.swift */ = {isa = PBXFileReference; lastKnownFileType = sourcecode.swift; path = TaskManager.swift; sourceTree = "<group>"; };
		4C21AC38257C9A0B0023284C /* PfsReader.swift */ = {isa = PBXFileReference; lastKnownFileType = sourcecode.swift; path = PfsReader.swift; sourceTree = "<group>"; };
		4C21AC3B257F35230023284C /* Utilities.swift */ = {isa = PBXFileReference; lastKnownFileType = sourcecode.swift; path = Utilities.swift; sourceTree = "<group>"; };
		4C21AC3E257F4E250023284C /* NxoReader.swift */ = {isa = PBXFileReference; lastKnownFileType = sourcecode.swift; path = NxoReader.swift; sourceTree = "<group>"; };
		4C21AC41257F4EEC0023284C /* BinaryReader.swift */ = {isa = PBXFileReference; lastKnownFileType = sourcecode.swift; path = BinaryReader.swift; sourceTree = "<group>"; };
		4C21AC44258070290023284C /* Kernel.swift */ = {isa = PBXFileReference; lastKnownFileType = sourcecode.swift; path = Kernel.swift; sourceTree = "<group>"; };
		4C21AC492580991C0023284C /* nn.sm.detail.swift */ = {isa = PBXFileReference; lastKnownFileType = sourcecode.swift; path = nn.sm.detail.swift; sourceTree = "<group>"; };
		4C21AC4D25809DBA0023284C /* IpcManager.swift */ = {isa = PBXFileReference; lastKnownFileType = sourcecode.swift; path = IpcManager.swift; sourceTree = "<group>"; };
		4C21AC502580A4070023284C /* ServiceMappings.swift */ = {isa = PBXFileReference; lastKnownFileType = sourcecode.swift; path = ServiceMappings.swift; sourceTree = "<group>"; };
		4C21AC532580A7BF0023284C /* KObject.swift */ = {isa = PBXFileReference; lastKnownFileType = sourcecode.swift; path = KObject.swift; sourceTree = "<group>"; };
		4C83798E2579AA64006FF416 /* PsychopompNX.app */ = {isa = PBXFileReference; explicitFileType = wrapper.application; includeInIndex = 0; path = PsychopompNX.app; sourceTree = BUILT_PRODUCTS_DIR; };
		4C8379912579AA64006FF416 /* PsychopompNXApp.swift */ = {isa = PBXFileReference; lastKnownFileType = sourcecode.swift; path = PsychopompNXApp.swift; sourceTree = "<group>"; };
		4C8379932579AA64006FF416 /* ContentView.swift */ = {isa = PBXFileReference; lastKnownFileType = sourcecode.swift; path = ContentView.swift; sourceTree = "<group>"; };
		4C8379952579AA66006FF416 /* Assets.xcassets */ = {isa = PBXFileReference; lastKnownFileType = folder.assetcatalog; path = Assets.xcassets; sourceTree = "<group>"; };
		4C8379982579AA66006FF416 /* Preview Assets.xcassets */ = {isa = PBXFileReference; lastKnownFileType = folder.assetcatalog; path = "Preview Assets.xcassets"; sourceTree = "<group>"; };
		4C83799A2579AA66006FF416 /* Info.plist */ = {isa = PBXFileReference; lastKnownFileType = text.plist.xml; path = Info.plist; sourceTree = "<group>"; };
		4C83799B2579AA66006FF416 /* PsychopompNX.entitlements */ = {isa = PBXFileReference; lastKnownFileType = text.plist.entitlements; path = PsychopompNX.entitlements; sourceTree = "<group>"; };
		4C8379B82579E9DA006FF416 /* Vmm.swift */ = {isa = PBXFileReference; lastKnownFileType = sourcecode.swift; path = Vmm.swift; sourceTree = "<group>"; };
		4C8379BB2579EC8D006FF416 /* Cpu.swift */ = {isa = PBXFileReference; lastKnownFileType = sourcecode.swift; path = Cpu.swift; sourceTree = "<group>"; };
/* End PBXFileReference section */

/* Begin PBXFrameworksBuildPhase section */
		4C83798B2579AA64006FF416 /* Frameworks */ = {
			isa = PBXFrameworksBuildPhase;
			buildActionMask = 2147483647;
			files = (
			);
			runOnlyForDeploymentPostprocessing = 0;
		};
/* End PBXFrameworksBuildPhase section */

/* Begin PBXGroup section */
		4C21AC47258094AD0023284C /* Services */ = {
			isa = PBXGroup;
			children = (
				4C21AC48258098B90023284C /* Generated */,
			);
			path = Services;
			sourceTree = "<group>";
		};
		4C21AC48258098B90023284C /* Generated */ = {
			isa = PBXGroup;
			children = (
				4C21AC492580991C0023284C /* nn.sm.detail.swift */,
				4C21AC502580A4070023284C /* ServiceMappings.swift */,
			);
			path = Generated;
			sourceTree = "<group>";
		};
		4C8379852579AA64006FF416 = {
			isa = PBXGroup;
			children = (
				4C8379902579AA64006FF416 /* PsychopompNX */,
				4C83798F2579AA64006FF416 /* Products */,
			);
			sourceTree = "<group>";
		};
		4C83798F2579AA64006FF416 /* Products */ = {
			isa = PBXGroup;
			children = (
				4C83798E2579AA64006FF416 /* PsychopompNX.app */,
			);
			name = Products;
			sourceTree = "<group>";
		};
		4C8379902579AA64006FF416 /* PsychopompNX */ = {
			isa = PBXGroup;
			children = (
				4C21AC47258094AD0023284C /* Services */,
				4C8379912579AA64006FF416 /* PsychopompNXApp.swift */,
				4C8379932579AA64006FF416 /* ContentView.swift */,
				4C8379952579AA66006FF416 /* Assets.xcassets */,
				4C83799A2579AA66006FF416 /* Info.plist */,
				4C83799B2579AA66006FF416 /* PsychopompNX.entitlements */,
				4C8379972579AA66006FF416 /* Preview Content */,
				4C8379B82579E9DA006FF416 /* Vmm.swift */,
				4C8379BB2579EC8D006FF416 /* Cpu.swift */,
				4C21AC2B257ABA8A0023284C /* GuestPointer.swift */,
				4C21AC32257BEB040023284C /* Emulator.swift */,
				4C21AC35257C4FD80023284C /* TaskManager.swift */,
				4C21AC38257C9A0B0023284C /* PfsReader.swift */,
				4C21AC3B257F35230023284C /* Utilities.swift */,
				4C21AC3E257F4E250023284C /* NxoReader.swift */,
				4C21AC41257F4EEC0023284C /* BinaryReader.swift */,
				4C21AC44258070290023284C /* Kernel.swift */,
				4C21AC4D25809DBA0023284C /* IpcManager.swift */,
				4C21AC532580A7BF0023284C /* KObject.swift */,
			);
			path = PsychopompNX;
			sourceTree = "<group>";
		};
		4C8379972579AA66006FF416 /* Preview Content */ = {
			isa = PBXGroup;
			children = (
				4C8379982579AA66006FF416 /* Preview Assets.xcassets */,
			);
			path = "Preview Content";
			sourceTree = "<group>";
		};
/* End PBXGroup section */

/* Begin PBXNativeTarget section */
		4C83798D2579AA64006FF416 /* PsychopompNX */ = {
			isa = PBXNativeTarget;
			buildConfigurationList = 4C83799E2579AA66006FF416 /* Build configuration list for PBXNativeTarget "PsychopompNX" */;
			buildPhases = (
				4C83798A2579AA64006FF416 /* Sources */,
				4C83798B2579AA64006FF416 /* Frameworks */,
				4C83798C2579AA64006FF416 /* Resources */,
			);
			buildRules = (
			);
			dependencies = (
			);
			name = PsychopompNX;
			productName = PsychopompNX;
			productReference = 4C83798E2579AA64006FF416 /* PsychopompNX.app */;
			productType = "com.apple.product-type.application";
		};
/* End PBXNativeTarget section */

/* Begin PBXProject section */
		4C8379862579AA64006FF416 /* Project object */ = {
			isa = PBXProject;
			attributes = {
				LastSwiftUpdateCheck = 1220;
				LastUpgradeCheck = 1220;
				TargetAttributes = {
					4C83798D2579AA64006FF416 = {
						CreatedOnToolsVersion = 12.2;
					};
				};
			};
			buildConfigurationList = 4C8379892579AA64006FF416 /* Build configuration list for PBXProject "PsychopompNX" */;
			compatibilityVersion = "Xcode 9.3";
			developmentRegion = en;
			hasScannedForEncodings = 0;
			knownRegions = (
				en,
				Base,
			);
			mainGroup = 4C8379852579AA64006FF416;
			productRefGroup = 4C83798F2579AA64006FF416 /* Products */;
			projectDirPath = "";
			projectRoot = "";
			targets = (
				4C83798D2579AA64006FF416 /* PsychopompNX */,
			);
		};
/* End PBXProject section */

/* Begin PBXResourcesBuildPhase section */
		4C83798C2579AA64006FF416 /* Resources */ = {
			isa = PBXResourcesBuildPhase;
			buildActionMask = 2147483647;
			files = (
				4C8379992579AA66006FF416 /* Preview Assets.xcassets in Resources */,
				4C8379962579AA66006FF416 /* Assets.xcassets in Resources */,
			);
			runOnlyForDeploymentPostprocessing = 0;
		};
/* End PBXResourcesBuildPhase section */

/* Begin PBXSourcesBuildPhase section */
		4C83798A2579AA64006FF416 /* Sources */ = {
			isa = PBXSourcesBuildPhase;
			buildActionMask = 2147483647;
			files = (
				4C21AC45258070290023284C /* Kernel.swift in Sources */,
				4C21AC33257BEB040023284C /* Emulator.swift in Sources */,
				4C21AC2C257ABA8A0023284C /* GuestPointer.swift in Sources */,
				4C8379BC2579EC8D006FF416 /* Cpu.swift in Sources */,
				4C21AC42257F4EEC0023284C /* BinaryReader.swift in Sources */,
				4C8379942579AA64006FF416 /* ContentView.swift in Sources */,
				4C21AC512580A4070023284C /* ServiceMappings.swift in Sources */,
				4C8379922579AA64006FF416 /* PsychopompNXApp.swift in Sources */,
				4C21AC36257C4FD80023284C /* TaskManager.swift in Sources */,
				4C21AC3F257F4E250023284C /* NxoReader.swift in Sources */,
				4C21AC542580A7BF0023284C /* KObject.swift in Sources */,
				4C21AC3C257F35230023284C /* Utilities.swift in Sources */,
				4C21AC4E25809DBA0023284C /* IpcManager.swift in Sources */,
				4C21AC39257C9A0B0023284C /* PfsReader.swift in Sources */,
				4C8379B92579E9DA006FF416 /* Vmm.swift in Sources */,
				4C21AC4A2580991C0023284C /* nn.sm.detail.swift in Sources */,
			);
			runOnlyForDeploymentPostprocessing = 0;
		};
/* End PBXSourcesBuildPhase section */

/* Begin XCBuildConfiguration section */
		4C83799C2579AA66006FF416 /* Debug */ = {
			isa = XCBuildConfiguration;
			buildSettings = {
				ALWAYS_SEARCH_USER_PATHS = NO;
				CLANG_ANALYZER_NONNULL = YES;
				CLANG_ANALYZER_NUMBER_OBJECT_CONVERSION = YES_AGGRESSIVE;
				CLANG_CXX_LANGUAGE_STANDARD = "gnu++14";
				CLANG_CXX_LIBRARY = "libc++";
				CLANG_ENABLE_MODULES = YES;
				CLANG_ENABLE_OBJC_ARC = YES;
				CLANG_ENABLE_OBJC_WEAK = YES;
				CLANG_WARN_BLOCK_CAPTURE_AUTORELEASING = YES;
				CLANG_WARN_BOOL_CONVERSION = YES;
				CLANG_WARN_COMMA = YES;
				CLANG_WARN_CONSTANT_CONVERSION = YES;
				CLANG_WARN_DEPRECATED_OBJC_IMPLEMENTATIONS = YES;
				CLANG_WARN_DIRECT_OBJC_ISA_USAGE = YES_ERROR;
				CLANG_WARN_DOCUMENTATION_COMMENTS = YES;
				CLANG_WARN_EMPTY_BODY = YES;
				CLANG_WARN_ENUM_CONVERSION = YES;
				CLANG_WARN_INFINITE_RECURSION = YES;
				CLANG_WARN_INT_CONVERSION = YES;
				CLANG_WARN_NON_LITERAL_NULL_CONVERSION = YES;
				CLANG_WARN_OBJC_IMPLICIT_RETAIN_SELF = YES;
				CLANG_WARN_OBJC_LITERAL_CONVERSION = YES;
				CLANG_WARN_OBJC_ROOT_CLASS = YES_ERROR;
				CLANG_WARN_QUOTED_INCLUDE_IN_FRAMEWORK_HEADER = YES;
				CLANG_WARN_RANGE_LOOP_ANALYSIS = YES;
				CLANG_WARN_STRICT_PROTOTYPES = YES;
				CLANG_WARN_SUSPICIOUS_MOVE = YES;
				CLANG_WARN_UNGUARDED_AVAILABILITY = YES_AGGRESSIVE;
				CLANG_WARN_UNREACHABLE_CODE = YES;
				CLANG_WARN__DUPLICATE_METHOD_MATCH = YES;
				COPY_PHASE_STRIP = NO;
				DEBUG_INFORMATION_FORMAT = dwarf;
				ENABLE_STRICT_OBJC_MSGSEND = YES;
				ENABLE_TESTABILITY = YES;
				GCC_C_LANGUAGE_STANDARD = gnu11;
				GCC_DYNAMIC_NO_PIC = NO;
				GCC_NO_COMMON_BLOCKS = YES;
				GCC_OPTIMIZATION_LEVEL = 0;
				GCC_PREPROCESSOR_DEFINITIONS = (
					"DEBUG=1",
					"$(inherited)",
				);
				GCC_WARN_64_TO_32_BIT_CONVERSION = YES;
				GCC_WARN_ABOUT_RETURN_TYPE = YES_ERROR;
				GCC_WARN_UNDECLARED_SELECTOR = YES;
				GCC_WARN_UNINITIALIZED_AUTOS = YES_AGGRESSIVE;
				GCC_WARN_UNUSED_FUNCTION = YES;
				GCC_WARN_UNUSED_VARIABLE = YES;
				MACOSX_DEPLOYMENT_TARGET = 11.0;
				MTL_ENABLE_DEBUG_INFO = INCLUDE_SOURCE;
				MTL_FAST_MATH = YES;
				ONLY_ACTIVE_ARCH = YES;
				SDKROOT = macosx;
				SWIFT_ACTIVE_COMPILATION_CONDITIONS = DEBUG;
				SWIFT_OPTIMIZATION_LEVEL = "-Onone";
			};
			name = Debug;
		};
		4C83799D2579AA66006FF416 /* Release */ = {
			isa = XCBuildConfiguration;
			buildSettings = {
				ALWAYS_SEARCH_USER_PATHS = NO;
				CLANG_ANALYZER_NONNULL = YES;
				CLANG_ANALYZER_NUMBER_OBJECT_CONVERSION = YES_AGGRESSIVE;
				CLANG_CXX_LANGUAGE_STANDARD = "gnu++14";
				CLANG_CXX_LIBRARY = "libc++";
				CLANG_ENABLE_MODULES = YES;
				CLANG_ENABLE_OBJC_ARC = YES;
				CLANG_ENABLE_OBJC_WEAK = YES;
				CLANG_WARN_BLOCK_CAPTURE_AUTORELEASING = YES;
				CLANG_WARN_BOOL_CONVERSION = YES;
				CLANG_WARN_COMMA = YES;
				CLANG_WARN_CONSTANT_CONVERSION = YES;
				CLANG_WARN_DEPRECATED_OBJC_IMPLEMENTATIONS = YES;
				CLANG_WARN_DIRECT_OBJC_ISA_USAGE = YES_ERROR;
				CLANG_WARN_DOCUMENTATION_COMMENTS = YES;
				CLANG_WARN_EMPTY_BODY = YES;
				CLANG_WARN_ENUM_CONVERSION = YES;
				CLANG_WARN_INFINITE_RECURSION = YES;
				CLANG_WARN_INT_CONVERSION = YES;
				CLANG_WARN_NON_LITERAL_NULL_CONVERSION = YES;
				CLANG_WARN_OBJC_IMPLICIT_RETAIN_SELF = YES;
				CLANG_WARN_OBJC_LITERAL_CONVERSION = YES;
				CLANG_WARN_OBJC_ROOT_CLASS = YES_ERROR;
				CLANG_WARN_QUOTED_INCLUDE_IN_FRAMEWORK_HEADER = YES;
				CLANG_WARN_RANGE_LOOP_ANALYSIS = YES;
				CLANG_WARN_STRICT_PROTOTYPES = YES;
				CLANG_WARN_SUSPICIOUS_MOVE = YES;
				CLANG_WARN_UNGUARDED_AVAILABILITY = YES_AGGRESSIVE;
				CLANG_WARN_UNREACHABLE_CODE = YES;
				CLANG_WARN__DUPLICATE_METHOD_MATCH = YES;
				COPY_PHASE_STRIP = NO;
				DEBUG_INFORMATION_FORMAT = "dwarf-with-dsym";
				ENABLE_NS_ASSERTIONS = NO;
				ENABLE_STRICT_OBJC_MSGSEND = YES;
				GCC_C_LANGUAGE_STANDARD = gnu11;
				GCC_NO_COMMON_BLOCKS = YES;
				GCC_WARN_64_TO_32_BIT_CONVERSION = YES;
				GCC_WARN_ABOUT_RETURN_TYPE = YES_ERROR;
				GCC_WARN_UNDECLARED_SELECTOR = YES;
				GCC_WARN_UNINITIALIZED_AUTOS = YES_AGGRESSIVE;
				GCC_WARN_UNUSED_FUNCTION = YES;
				GCC_WARN_UNUSED_VARIABLE = YES;
				MACOSX_DEPLOYMENT_TARGET = 11.0;
				MTL_ENABLE_DEBUG_INFO = NO;
				MTL_FAST_MATH = YES;
				SDKROOT = macosx;
				SWIFT_COMPILATION_MODE = wholemodule;
				SWIFT_OPTIMIZATION_LEVEL = "-O";
			};
			name = Release;
		};
		4C83799F2579AA66006FF416 /* Debug */ = {
			isa = XCBuildConfiguration;
			buildSettings = {
				ASSETCATALOG_COMPILER_APPICON_NAME = AppIcon;
				ASSETCATALOG_COMPILER_GLOBAL_ACCENT_COLOR_NAME = AccentColor;
				CODE_SIGN_ENTITLEMENTS = PsychopompNX/PsychopompNX.entitlements;
				CODE_SIGN_STYLE = Automatic;
				COMBINE_HIDPI_IMAGES = YES;
				DEVELOPMENT_ASSET_PATHS = "\"PsychopompNX/Preview Content\"";
				ENABLE_PREVIEWS = YES;
				INFOPLIST_FILE = PsychopompNX/Info.plist;
				LD_RUNPATH_SEARCH_PATHS = (
					"$(inherited)",
					"@executable_path/../Frameworks",
				);
				MACOSX_DEPLOYMENT_TARGET = 11.0;
				PRODUCT_BUNDLE_IDENTIFIER = dev.daeken.PsychopompNX;
				PRODUCT_NAME = "$(TARGET_NAME)";
				SWIFT_VERSION = 5.0;
			};
			name = Debug;
		};
		4C8379A02579AA66006FF416 /* Release */ = {
			isa = XCBuildConfiguration;
			buildSettings = {
				ASSETCATALOG_COMPILER_APPICON_NAME = AppIcon;
				ASSETCATALOG_COMPILER_GLOBAL_ACCENT_COLOR_NAME = AccentColor;
				CODE_SIGN_ENTITLEMENTS = PsychopompNX/PsychopompNX.entitlements;
				CODE_SIGN_STYLE = Automatic;
				COMBINE_HIDPI_IMAGES = YES;
				DEVELOPMENT_ASSET_PATHS = "\"PsychopompNX/Preview Content\"";
				ENABLE_PREVIEWS = YES;
				INFOPLIST_FILE = PsychopompNX/Info.plist;
				LD_RUNPATH_SEARCH_PATHS = (
					"$(inherited)",
					"@executable_path/../Frameworks",
				);
				MACOSX_DEPLOYMENT_TARGET = 11.0;
				PRODUCT_BUNDLE_IDENTIFIER = dev.daeken.PsychopompNX;
				PRODUCT_NAME = "$(TARGET_NAME)";
				SWIFT_VERSION = 5.0;
			};
			name = Release;
		};
/* End XCBuildConfiguration section */

/* Begin XCConfigurationList section */
		4C8379892579AA64006FF416 /* Build configuration list for PBXProject "PsychopompNX" */ = {
			isa = XCConfigurationList;
			buildConfigurations = (
				4C83799C2579AA66006FF416 /* Debug */,
				4C83799D2579AA66006FF416 /* Release */,
			);
			defaultConfigurationIsVisible = 0;
			defaultConfigurationName = Release;
		};
		4C83799E2579AA66006FF416 /* Build configuration list for PBXNativeTarget "PsychopompNX" */ = {
			isa = XCConfigurationList;
			buildConfigurations = (
				4C83799F2579AA66006FF416 /* Debug */,
				4C8379A02579AA66006FF416 /* Release */,
			);
			defaultConfigurationIsVisible = 0;
			defaultConfigurationName = Release;
		};
/* End XCConfigurationList section */
	};
	rootObject = 4C8379862579AA64006FF416 /* Project object */;
}
